{
  "name": "osen",
  "version": "1.0.0",
  "lockfileVersion": 3,
  "requires": true,
  "packages": {
    "": {
      "name": "osen",
      "version": "1.0.0",
      "dependencies": {
        "@simonwep/pickr": "^1.9.1",
        "apexcharts": "^3.51.0",
        "bootstrap": "^5.3.3",
        "choices.js": "^10.2.0",
        "datatables.net": "2.0.8",
        "datatables.net-bs5": "2.0.8",
        "datatables.net-buttons": "^3.0.2",
        "datatables.net-buttons-bs5": "^3.0.2",
        "datatables.net-fixedcolumns": "^5.0.0",
        "datatables.net-fixedcolumns-bs5": "^5.0.0",
        "datatables.net-fixedheader": "^4.0.1",
        "datatables.net-fixedheader-bs5": "^4.0.1",
        "datatables.net-keytable": "^2.12.1",
        "datatables.net-keytable-bs5": "^2.12.1",
        "datatables.net-responsive": "^3.0.2",
        "datatables.net-responsive-bs5": "^3.0.2",
        "datatables.net-select": "^2.0.3",
        "datatables.net-select-bs5": "^2.0.3",
        "daterangepicker": "^3.1.0",
        "dayjs": "^1.11.13",
        "dragula": "^3.7.3",
        "dropzone": "^6.0.0-beta.2",
        "flatpickr": "^4.6.13",
        "fullcalendar": "^6.1.14",
        "gmaps": "^0.4.25",
        "gridjs": "^6.2.0",
        "iconify-icon": "^1.0.8",
        "inputmask": "^5.0.9",
        "jquery": "^3.7.1",
        "jquery-datatables-checkboxes": "1.2.14",
        "jquery-toast-plugin": "^1.3.2",
        "jsvectormap": "^1.6.0",
        "leaflet": "^1.9.4",
        "lucide": "^0.414.0",
        "moment": "2.24.0",
        "nouislider": "^15.7.1",
        "quill": "^2.0.3",
        "rater-js": "^1.0.1",
        "select2": "~4.0",
        "simplebar": "^6.2.7",
        "sweetalert2": "^11.10.7",
        "swiper": "^11.0.7",
        "vanilla-wizard": "^0.0.7",
        "wnumb": "^1.2.0"
      },
      "devDependencies": {
        "@popperjs/core": "^2.11.8"
      }
    },
    "node_modules/@babel/runtime": {
      "version": "7.26.9",
      "resolved": "https://registry.npmjs.org/@babel/runtime/-/runtime-7.26.9.tgz",
      "integrity": "sha512-aA63XwOkcl4xxQa3HjPMqOP6LiK0ZDv3mUPYEFXkpHbaFjtGggE1A61FjFzJnB+p7/oy2gA8E+rcBNl/zC1tMg==",
      "license": "MIT",
      "dependencies": {
        "regenerator-runtime": "^0.14.0"
      },
      "engines": {
        "node": ">=6.9.0"
      }
    },
    "node_modules/@fullcalendar/core": {
      "version": "6.1.15",
      "resolved": "https://registry.npmjs.org/@fullcalendar/core/-/core-6.1.15.tgz",
      "integrity": "sha512-BuX7o6ALpLb84cMw1FCB9/cSgF4JbVO894cjJZ6kP74jzbUZNjtwffwRdA+Id8rrLjT30d/7TrkW90k4zbXB5Q==",
      "license": "MIT",
      "dependencies": {
        "preact": "~10.12.1"
      }
    },
    "node_modules/@fullcalendar/daygrid": {
      "version": "6.1.15",
      "resolved": "https://registry.npmjs.org/@fullcalendar/daygrid/-/daygrid-6.1.15.tgz",
      "integrity": "sha512-j8tL0HhfiVsdtOCLfzK2J0RtSkiad3BYYemwQKq512cx6btz6ZZ2RNc/hVnIxluuWFyvx5sXZwoeTJsFSFTEFA==",
      "license": "MIT",
      "peerDependencies": {
        "@fullcalendar/core": "~6.1.15"
      }
    },
    "node_modules/@fullcalendar/interaction": {
      "version": "6.1.15",
      "resolved": "https://registry.npmjs.org/@fullcalendar/interaction/-/interaction-6.1.15.tgz",
      "integrity": "sha512-DOTSkofizM7QItjgu7W68TvKKvN9PSEEvDJceyMbQDvlXHa7pm/WAVtAc6xSDZ9xmB1QramYoWGLHkCYbTW1rQ==",
      "license": "MIT",
      "peerDependencies": {
        "@fullcalendar/core": "~6.1.15"
      }
    },
    "node_modules/@fullcalendar/list": {
      "version": "6.1.15",
      "resolved": "https://registry.npmjs.org/@fullcalendar/list/-/list-6.1.15.tgz",
      "integrity": "sha512-U1bce04tYDwkFnuVImJSy2XalYIIQr6YusOWRPM/5ivHcJh67Gm8CIMSWpi3KdRSNKFkqBxLPkfZGBMaOcJYug==",
      "license": "MIT",
      "peerDependencies": {
        "@fullcalendar/core": "~6.1.15"
      }
    },
    "node_modules/@fullcalendar/multimonth": {
      "version": "6.1.15",
      "resolved": "https://registry.npmjs.org/@fullcalendar/multimonth/-/multimonth-6.1.15.tgz",
      "integrity": "sha512-sEZY6jbOYkeF9TwhUldG+UUVv+hiPlGkS8zZEgPR7ypcjhipyA03c5rPjx7N6huOHqh6lCMH59zlohLooQRlaw==",
      "license": "MIT",
      "dependencies": {
        "@fullcalendar/daygrid": "~6.1.15"
      },
      "peerDependencies": {
        "@fullcalendar/core": "~6.1.15"
      }
    },
    "node_modules/@fullcalendar/timegrid": {
      "version": "6.1.15",
      "resolved": "https://registry.npmjs.org/@fullcalendar/timegrid/-/timegrid-6.1.15.tgz",
      "integrity": "sha512-61ORr3A148RtxQ2FNG7JKvacyA/TEVZ7z6I+3E9Oeu3dqTf6M928bFcpehRTIK6zIA6Yifs7BeWHgOE9dFnpbw==",
      "license": "MIT",
      "dependencies": {
        "@fullcalendar/daygrid": "~6.1.15"
      },
      "peerDependencies": {
        "@fullcalendar/core": "~6.1.15"
      }
    },
    "node_modules/@iconify/types": {
      "version": "2.0.0",
      "resolved": "https://registry.npmjs.org/@iconify/types/-/types-2.0.0.tgz",
      "integrity": "sha512-+wluvCrRhXrhyOmRDJ3q8mux9JkKy5SJ/v8ol2tu4FVjyYvtEzkc/3pK15ET6RKg4b4w4BmTk1+gsCUhf21Ykg==",
      "license": "MIT"
    },
    "node_modules/@popperjs/core": {
      "version": "2.11.8",
      "resolved": "https://registry.npmjs.org/@popperjs/core/-/core-2.11.8.tgz",
      "integrity": "sha512-P1st0aksCrn9sGZhp8GMYwBnQsbvAWsZAX44oXNNvLHGqAOcoVxmjZiohstwQ7SqKnbR47akdNi+uleWD8+g6A==",
      "license": "MIT",
      "funding": {
        "type": "opencollective",
        "url": "https://opencollective.com/popperjs"
      }
    },
    "node_modules/@simonwep/pickr": {
      "version": "1.9.1",
      "resolved": "https://registry.npmjs.org/@simonwep/pickr/-/pickr-1.9.1.tgz",
      "integrity": "sha512-fR3qmfAcPf/HSFS7GEnTmZLM3+xERv1+jyMBbzT63ilRRM8veYjI7ELvkHHKk0/du3lHp7uh/FqatjM3646X1g==",
      "license": "MIT",
      "dependencies": {
        "core-js": "3.37.0",
        "nanopop": "2.4.2"
      }
    },
    "node_modules/@swc/helpers": {
      "version": "0.2.14",
      "resolved": "https://registry.npmjs.org/@swc/helpers/-/helpers-0.2.14.tgz",
      "integrity": "sha512-wpCQMhf5p5GhNg2MmGKXzUNwxe7zRiCsmqYsamez2beP7mKPCSiu+BjZcdN95yYSzO857kr0VfQewmGpS77nqA==",
      "license": "MIT"
    },
    "node_modules/@yr/monotone-cubic-spline": {
      "version": "1.0.3",
      "resolved": "https://registry.npmjs.org/@yr/monotone-cubic-spline/-/monotone-cubic-spline-1.0.3.tgz",
      "integrity": "sha512-FQXkOta0XBSUPHndIKON2Y9JeQz5ZeMqLYZVVK93FliNBFm7LNMIZmY6FrMEB9XPcDbE2bekMbZD6kzDkxwYjA==",
      "license": "MIT"
    },
    "node_modules/apexcharts": {
      "version": "3.54.1",
      "resolved": "https://registry.npmjs.org/apexcharts/-/apexcharts-3.54.1.tgz",
      "integrity": "sha512-E4et0h/J1U3r3EwS/WlqJCQIbepKbp6wGUmaAwJOMjHUP4Ci0gxanLa7FR3okx6p9coi4st6J853/Cb1NP0vpA==",
      "license": "MIT",
      "dependencies": {
        "@yr/monotone-cubic-spline": "^1.0.3",
        "svg.draggable.js": "^2.2.2",
        "svg.easing.js": "^2.0.0",
        "svg.filter.js": "^2.0.2",
        "svg.pathmorphing.js": "^0.1.3",
        "svg.resize.js": "^1.4.3",
        "svg.select.js": "^3.0.1"
      }
    },
    "node_modules/atoa": {
      "version": "1.0.0",
      "resolved": "https://registry.npmjs.org/atoa/-/atoa-1.0.0.tgz",
      "integrity": "sha512-VVE1H6cc4ai+ZXo/CRWoJiHXrA1qfA31DPnx6D20+kSI547hQN5Greh51LQ1baMRMfxO5K5M4ImMtZbZt2DODQ==",
      "license": "MIT"
    },
    "node_modules/bootstrap": {
      "version": "5.3.3",
      "resolved": "https://registry.npmjs.org/bootstrap/-/bootstrap-5.3.3.tgz",
      "integrity": "sha512-8HLCdWgyoMguSO9o+aH+iuZ+aht+mzW0u3HIMzVu7Srrpv7EBBxTnrFlSCskwdY1+EOFQSm7uMJhNQHkdPcmjg==",
      "funding": [
        {
          "type": "github",
          "url": "https://github.com/sponsors/twbs"
        },
        {
          "type": "opencollective",
          "url": "https://opencollective.com/bootstrap"
        }
      ],
      "license": "MIT",
      "peerDependencies": {
        "@popperjs/core": "^2.11.8"
      }
    },
    "node_modules/choices.js": {
      "version": "10.2.0",
      "resolved": "https://registry.npmjs.org/choices.js/-/choices.js-10.2.0.tgz",
      "integrity": "sha512-8PKy6wq7BMjNwDTZwr3+Zry6G2+opJaAJDDA/j3yxvqSCnvkKe7ZIFfIyOhoc7htIWFhsfzF9tJpGUATcpUtPg==",
      "license": "MIT",
      "dependencies": {
        "deepmerge": "^4.2.2",
        "fuse.js": "^6.6.2",
        "redux": "^4.2.0"
      }
    },
    "node_modules/contra": {
      "version": "1.9.4",
      "resolved": "https://registry.npmjs.org/contra/-/contra-1.9.4.tgz",
      "integrity": "sha512-N9ArHAqwR/lhPq4OdIAwH4e1btn6EIZMAz4TazjnzCiVECcWUPTma+dRAM38ERImEJBh8NiCCpjoQruSZ+agYg==",
      "license": "MIT",
      "dependencies": {
        "atoa": "1.0.0",
        "ticky": "1.0.1"
      }
    },
    "node_modules/core-js": {
      "version": "3.37.0",
      "resolved": "https://registry.npmjs.org/core-js/-/core-js-3.37.0.tgz",
      "integrity": "sha512-fu5vHevQ8ZG4og+LXug8ulUtVxjOcEYvifJr7L5Bfq9GOztVqsKd9/59hUk2ZSbCrS3BqUr3EpaYGIYzq7g3Ug==",
      "hasInstallScript": true,
      "license": "MIT",
      "funding": {
        "type": "opencollective",
        "url": "https://opencollective.com/core-js"
      }
    },
    "node_modules/crossvent": {
      "version": "1.5.5",
      "resolved": "https://registry.npmjs.org/crossvent/-/crossvent-1.5.5.tgz",
      "integrity": "sha512-MY4xhBYEnVi+pmTpHCOCsCLYczc0PVtGdPBz6NXNXxikLaUZo4HdAeUb1UqAo3t3yXAloSelTmfxJ+/oUqkW5w==",
      "license": "MIT",
      "dependencies": {
        "custom-event": "^1.0.0"
      }
    },
    "node_modules/custom-event": {
      "version": "1.0.1",
      "resolved": "https://registry.npmjs.org/custom-event/-/custom-event-1.0.1.tgz",
      "integrity": "sha512-GAj5FOq0Hd+RsCGVJxZuKaIDXDf3h6GQoNEjFgbLLI/trgtavwUbSnZ5pVfg27DVCaWjIohryS0JFwIJyT2cMg==",
      "license": "MIT"
    },
    "node_modules/datatables.net": {
      "version": "2.0.8",
      "resolved": "https://registry.npmjs.org/datatables.net/-/datatables.net-2.0.8.tgz",
      "integrity": "sha512-4/2dYx4vl975zQqZbyoVEm0huPe61qffjBRby7K7V+y9E+ORq4R8KavkgrNMmIgO6cl85Pg4AvCbVjvPCIT1Yg==",
      "license": "MIT",
      "dependencies": {
        "jquery": ">=1.7"
      }
    },
    "node_modules/datatables.net-bs5": {
      "version": "2.0.8",
      "resolved": "https://registry.npmjs.org/datatables.net-bs5/-/datatables.net-bs5-2.0.8.tgz",
      "integrity": "sha512-rpz/yO2NZMP1Uso/sSsaFAKwdCjYPa1/KLxAVr0JNJJV9ygFLHcuKTcNmoc1cekcsjYcGyybWKaNu4NfpZ74vg==",
      "license": "MIT",
      "dependencies": {
        "datatables.net": "2.0.8",
        "jquery": ">=1.7"
      }
    },
    "node_modules/datatables.net-buttons": {
      "version": "3.2.2",
      "resolved": "https://registry.npmjs.org/datatables.net-buttons/-/datatables.net-buttons-3.2.2.tgz",
      "integrity": "sha512-+aLTbkbksNmyGpK+8KXbpwYKXYOXvZQR2ySA/8oOQeJU53Xw/67cOHowenEr2d43/RLaz+I0zvV/1Yn+jMRiDw==",
      "license": "MIT",
      "dependencies": {
        "datatables.net": "^2",
        "jquery": ">=1.7"
      }
    },
    "node_modules/datatables.net-buttons-bs5": {
      "version": "3.2.2",
      "resolved": "https://registry.npmjs.org/datatables.net-buttons-bs5/-/datatables.net-buttons-bs5-3.2.2.tgz",
      "integrity": "sha512-xjUcbYCBHcUthD1pvo5ghTNjqE6fTMygRrKd0QjBHKQxcqxmHG/m0djD2s6cFBfm8oov132U7U2JCXgQifOoUA==",
      "license": "MIT",
      "dependencies": {
        "datatables.net-bs5": "^2",
        "datatables.net-buttons": "3.2.2",
        "jquery": ">=1.7"
      }
    },
    "node_modules/datatables.net-fixedcolumns": {
      "version": "5.0.4",
      "resolved": "https://registry.npmjs.org/datatables.net-fixedcolumns/-/datatables.net-fixedcolumns-5.0.4.tgz",
      "integrity": "sha512-mYZ18oahD2oopcpBDmbSEZ2w+bna4TuTmmoaNd01JLEkJWsAH2yZ99fYslLrBX5Rku4GnCG5J8Sr3cJrrLw+3g==",
      "license": "MIT",
      "dependencies": {
        "datatables.net": "^2",
        "jquery": ">=1.7"
      }
    },
    "node_modules/datatables.net-fixedcolumns-bs5": {
      "version": "5.0.4",
      "resolved": "https://registry.npmjs.org/datatables.net-fixedcolumns-bs5/-/datatables.net-fixedcolumns-bs5-5.0.4.tgz",
      "integrity": "sha512-s3G04OAJCjZJ4xJlrzuNPDM+92uQlj8Kb/vrOGCoSLZzugovY7Ub8v7WUObDG0Ii4d4Ltcn6Ns4wJy10eqlYYA==",
      "license": "MIT",
      "dependencies": {
        "datatables.net-bs5": "^2",
        "datatables.net-fixedcolumns": "5.0.4",
        "jquery": ">=1.7"
      }
    },
    "node_modules/datatables.net-fixedheader": {
      "version": "4.0.1",
      "resolved": "https://registry.npmjs.org/datatables.net-fixedheader/-/datatables.net-fixedheader-4.0.1.tgz",
      "integrity": "sha512-jdwvGvI/WBKjNDJ5JwcTqmh7ehLkzXmTqvVCWJ6ig3+P9EHasoTq6Ys08WfICXpCHZgDKwDYLiW2rqVLK5TWOg==",
      "license": "MIT",
      "dependencies": {
        "datatables.net": "^2",
        "jquery": ">=1.7"
      }
    },
    "node_modules/datatables.net-fixedheader-bs5": {
      "version": "4.0.1",
      "resolved": "https://registry.npmjs.org/datatables.net-fixedheader-bs5/-/datatables.net-fixedheader-bs5-4.0.1.tgz",
      "integrity": "sha512-rA02QKEDvzj9dtwoUDl8hdSFDi4THpZeqCpCne0sVul1AM4OBy0O4zcx2WMSiEc5yEjFVZwKHmkvcDyhioV5IQ==",
      "license": "MIT",
      "dependencies": {
        "datatables.net-bs5": "^2",
        "datatables.net-fixedheader": "4.0.1",
        "jquery": ">=1.7"
      }
    },
    "node_modules/datatables.net-keytable": {
      "version": "2.12.1",
      "resolved": "https://registry.npmjs.org/datatables.net-keytable/-/datatables.net-keytable-2.12.1.tgz",
      "integrity": "sha512-MR/qvBxVXld3i+YZfLAv/yCMvzh1trEIMpLo7YU0DP/CIWewHhkFeTS0G3tJgLjBes4v4tyR0Zjf6R9aMtMBEw==",
      "license": "MIT",
      "dependencies": {
        "datatables.net": ">=1.11.0",
        "jquery": ">=1.7"
      }
    },
    "node_modules/datatables.net-keytable-bs5": {
      "version": "2.12.1",
      "resolved": "https://registry.npmjs.org/datatables.net-keytable-bs5/-/datatables.net-keytable-bs5-2.12.1.tgz",
      "integrity": "sha512-oKwzudQ9PKjmZFLcz2efxAguQiToV9vvalUPjss1Jb0G/P0wvUTG11ub7GAXw0YcOUqrKKa7ZibNvk6zj0GddA==",
      "license": "MIT",
      "dependencies": {
        "datatables.net-bs5": ">=1.11.0",
        "datatables.net-keytable": "2.12.1",
        "jquery": ">=1.7"
      }
    },
    "node_modules/datatables.net-responsive": {
      "version": "3.0.4",
      "resolved": "https://registry.npmjs.org/datatables.net-responsive/-/datatables.net-responsive-3.0.4.tgz",
      "integrity": "sha512-d1JKaWPRp81xydZrTDqrzGTloXthDtyvwbqiSKYUhDBKWTL4wN5IW5WYr4OBPwu21Ctpi/QgOl7mt9MfyF8KxA==",
      "license": "MIT",
      "dependencies": {
        "datatables.net": "^2",
        "jquery": ">=1.7"
      }
    },
    "node_modules/datatables.net-responsive-bs5": {
      "version": "3.0.4",
      "resolved": "https://registry.npmjs.org/datatables.net-responsive-bs5/-/datatables.net-responsive-bs5-3.0.4.tgz",
      "integrity": "sha512-/RufNJAFFmXkhfyBmXKfLlpopoKNkeDytMHHbsiBkoTRllJik9rtOON5NuMJOCL8sjwM2c+rUo/rzuXNk/70Qw==",
      "license": "MIT",
      "dependencies": {
        "datatables.net-bs5": "^2",
        "datatables.net-responsive": "3.0.4",
        "jquery": ">=1.7"
      }
    },
    "node_modules/datatables.net-select": {
      "version": "2.1.0",
      "resolved": "https://registry.npmjs.org/datatables.net-select/-/datatables.net-select-2.1.0.tgz",
      "integrity": "sha512-6B1sI5pfvBen+8kySl1T0hkGoUmrw+5YGqaW4NCg+1srMw+48YV5SdWPiyCQDoev2ajBdKzHuG/wzD2INMbmJw==",
      "license": "MIT",
      "dependencies": {
        "datatables.net": "^2",
        "jquery": ">=1.7"
      }
    },
    "node_modules/datatables.net-select-bs5": {
      "version": "2.1.0",
      "resolved": "https://registry.npmjs.org/datatables.net-select-bs5/-/datatables.net-select-bs5-2.1.0.tgz",
      "integrity": "sha512-N6VFo3DHsMCzM1Ef2pbUh1+pUd/MSHk48Z+X0QvbeknShWKdx0PS7FhLkaq8OalhHiEH0lyCy5L+1iR4bgAu9A==",
      "license": "MIT",
      "dependencies": {
        "datatables.net-bs5": "^2",
        "datatables.net-select": "2.1.0",
        "jquery": ">=1.7"
      }
    },
    "node_modules/daterangepicker": {
      "version": "3.1.0",
      "resolved": "https://registry.npmjs.org/daterangepicker/-/daterangepicker-3.1.0.tgz",
      "integrity": "sha512-DxWXvvPq4srWLCqFugqSV+6CBt/CvQ0dnpXhQ3gl0autcIDAruG1PuGG3gC7yPRNytAD1oU1AcUOzaYhOawhTw==",
      "license": "MIT",
      "dependencies": {
        "jquery": ">=1.10",
        "moment": "^2.9.0"
      }
    },
    "node_modules/dayjs": {
      "version": "1.11.13",
      "resolved": "https://registry.npmjs.org/dayjs/-/dayjs-1.11.13.tgz",
      "integrity": "sha512-oaMBel6gjolK862uaPQOVTA7q3TZhuSvuMQAAglQDOWYO9A91IrAOUJEyKVlqJlHE0vq5p5UXxzdPfMH/x6xNg==",
      "license": "MIT"
    },
    "node_modules/deepmerge": {
      "version": "4.3.1",
      "resolved": "https://registry.npmjs.org/deepmerge/-/deepmerge-4.3.1.tgz",
      "integrity": "sha512-3sUqbMEc77XqpdNO7FRyRog+eW3ph+GYCbj+rK+uYyRMuwsVy0rMiVtPn+QJlKFvWP/1PYpapqYn0Me2knFn+A==",
      "license": "MIT",
      "engines": {
        "node": ">=0.10.0"
      }
    },
    "node_modules/dragula": {
      "version": "3.7.3",
      "resolved": "https://registry.npmjs.org/dragula/-/dragula-3.7.3.tgz",
      "integrity": "sha512-/rRg4zRhcpf81TyDhaHLtXt6sEywdfpv1cRUMeFFy7DuypH2U0WUL0GTdyAQvXegviT4PJK4KuMmOaIDpICseQ==",
      "license": "MIT",
      "dependencies": {
        "contra": "1.9.4",
        "crossvent": "1.5.5"
      }
    },
    "node_modules/dropzone": {
      "version": "6.0.0-beta.2",
      "resolved": "https://registry.npmjs.org/dropzone/-/dropzone-6.0.0-beta.2.tgz",
      "integrity": "sha512-k44yLuFFhRk53M8zP71FaaNzJYIzr99SKmpbO/oZKNslDjNXQsBTdfLs+iONd0U0L94zzlFzRnFdqbLcs7h9fQ==",
      "license": "MIT",
      "dependencies": {
        "@swc/helpers": "^0.2.13",
        "just-extend": "^5.0.0"
      }
    },
    "node_modules/eventemitter3": {
      "version": "5.0.1",
      "resolved": "https://registry.npmjs.org/eventemitter3/-/eventemitter3-5.0.1.tgz",
      "integrity": "sha512-GWkBvjiSZK87ELrYOSESUYeVIc9mvLLf/nXalMOS5dYrgZq9o5OVkbZAVM06CVxYsCwH9BDZFPlQTlPA1j4ahA==",
      "license": "MIT"
    },
    "node_modules/fast-diff": {
      "version": "1.3.0",
      "resolved": "https://registry.npmjs.org/fast-diff/-/fast-diff-1.3.0.tgz",
      "integrity": "sha512-VxPP4NqbUjj6MaAOafWeUn2cXWLcCtljklUtZf0Ind4XQ+QPtmA0b18zZy0jIQx+ExRVCR/ZQpBmik5lXshNsw==",
      "license": "Apache-2.0"
    },
    "node_modules/flatpickr": {
      "version": "4.6.13",
      "resolved": "https://registry.npmjs.org/flatpickr/-/flatpickr-4.6.13.tgz",
      "integrity": "sha512-97PMG/aywoYpB4IvbvUJi0RQi8vearvU0oov1WW3k0WZPBMrTQVqekSX5CjSG/M4Q3i6A/0FKXC7RyAoAUUSPw==",
      "license": "MIT"
    },
    "node_modules/fullcalendar": {
      "version": "6.1.15",
      "resolved": "https://registry.npmjs.org/fullcalendar/-/fullcalendar-6.1.15.tgz",
      "integrity": "sha512-CFnh1yswjRh9puJVDk8VGwTlyZ6eXxr4qLI7QCA0+bozyAm+BluP1US5mOtgk0gEq23nQxGSNDoBvAraz++saQ==",
      "license": "MIT",
      "dependencies": {
        "@fullcalendar/core": "~6.1.15",
        "@fullcalendar/daygrid": "~6.1.15",
        "@fullcalendar/interaction": "~6.1.15",
        "@fullcalendar/list": "~6.1.15",
        "@fullcalendar/multimonth": "~6.1.15",
        "@fullcalendar/timegrid": "~6.1.15"
      }
    },
    "node_modules/fuse.js": {
      "version": "6.6.2",
      "resolved": "https://registry.npmjs.org/fuse.js/-/fuse.js-6.6.2.tgz",
      "integrity": "sha512-cJaJkxCCxC8qIIcPBF9yGxY0W/tVZS3uEISDxhYIdtk8OL93pe+6Zj7LjCqVV4dzbqcriOZ+kQ/NE4RXZHsIGA==",
      "license": "Apache-2.0",
      "engines": {
        "node": ">=10"
      }
    },
    "node_modules/gmaps": {
      "version": "0.4.25",
      "resolved": "https://registry.npmjs.org/gmaps/-/gmaps-0.4.25.tgz",
      "integrity": "sha512-a2qZl3SMbfGow02WUWWH9+Cc0kVrUCnhSh+b13P7XTi8pauLHpa0A/8rYK9x4C/iPdkfAY0FAOyuwqHnLPHi4w==",
      "license": "MIT"
    },
    "node_modules/gridjs": {
      "version": "6.2.0",
      "resolved": "https://registry.npmjs.org/gridjs/-/gridjs-6.2.0.tgz",
      "integrity": "sha512-EAGGfHjyEXWh12Txs6DjTGnWTo226wbowtMrLI+yNZQaJpvs0m7yDcyM7r+D4RA7rZQVj/cfmwEaRz/rlxg8LA==",
      "license": "MIT",
      "dependencies": {
        "preact": "^10.11.3"
      }
    },
    "node_modules/iconify-icon": {
      "version": "1.0.8",
      "resolved": "https://registry.npmjs.org/iconify-icon/-/iconify-icon-1.0.8.tgz",
      "integrity": "sha512-jvbUKHXf8EnGGArmhlP2IG8VqQLFFyTvTqb9LVL2TKTh7/eCCD1o2HHE9thpbJJb6B8hzhcFb6rOKhvo7reNKA==",
      "license": "MIT",
      "dependencies": {
        "@iconify/types": "^2.0.0"
      },
      "funding": {
        "url": "https://github.com/sponsors/cyberalien"
      }
    },
    "node_modules/inputmask": {
      "version": "5.0.9",
      "resolved": "https://registry.npmjs.org/inputmask/-/inputmask-5.0.9.tgz",
      "integrity": "sha512-s0lUfqcEbel+EQXtehXqwCJGShutgieOaIImFKC/r4reYNvX3foyrChl6LOEvaEgxEbesePIrw1Zi2jhZaDZbQ==",
      "license": "MIT"
    },
    "node_modules/jquery": {
      "version": "3.7.1",
      "resolved": "https://registry.npmjs.org/jquery/-/jquery-3.7.1.tgz",
      "integrity": "sha512-m4avr8yL8kmFN8psrbFFFmB/If14iN5o9nw/NgnnM+kybDJpRsAynV2BsfpTYrTRysYUdADVD7CkUUizgkpLfg==",
      "license": "MIT"
    },
    "node_modules/jquery-datatables-checkboxes": {
      "version": "1.2.14",
      "resolved": "https://registry.npmjs.org/jquery-datatables-checkboxes/-/jquery-datatables-checkboxes-1.2.14.tgz",
      "integrity": "sha512-99B6PmS3ZdinDyqF5vBiykd8B+NohHRBBs/a5/hrYRlsBxbWqQ2KtigSvAc2qFdxPOyrcCV75nWBYnlrtdCGgg==",
      "license": "MIT",
      "dependencies": {
        "datatables.net": ">=1.10.8",
        "jquery": ">=1.7"
      }
    },
    "node_modules/jquery-toast-plugin": {
      "version": "1.3.2",
      "resolved": "https://registry.npmjs.org/jquery-toast-plugin/-/jquery-toast-plugin-1.3.2.tgz",
      "integrity": "sha512-0j/nfqA2FHFuJXp8QL33EVVCY//TDVfq4LULhTbasZYl2aZlX6YiSF5IGrI31dQiS9S4JkXBUfX3rMJcfl/u/g=="
    },
    "node_modules/jsvectormap": {
      "version": "1.6.0",
      "resolved": "https://registry.npmjs.org/jsvectormap/-/jsvectormap-1.6.0.tgz",
      "integrity": "sha512-4b/v4GWqiggHGN+CBOJBhIdpSGLY6wVetmMKiOlQ7oVM1PIzsLlSBJDMQd9ycLk6Rmzg4aFua35QDrk5HPb1YQ==",
      "license": "MIT"
    },
    "node_modules/just-extend": {
      "version": "5.1.1",
      "resolved": "https://registry.npmjs.org/just-extend/-/just-extend-5.1.1.tgz",
      "integrity": "sha512-b+z6yF1d4EOyDgylzQo5IminlUmzSeqR1hs/bzjBNjuGras4FXq/6TrzjxfN0j+TmI0ltJzTNlqXUMCniciwKQ==",
      "license": "MIT"
    },
    "node_modules/leaflet": {
      "version": "1.9.4",
      "resolved": "https://registry.npmjs.org/leaflet/-/leaflet-1.9.4.tgz",
      "integrity": "sha512-nxS1ynzJOmOlHp+iL3FyWqK89GtNL8U8rvlMOsQdTTssxZwCXh8N2NB3GDQOL+YR3XnWyZAxwQixURb+FA74PA==",
      "license": "BSD-2-Clause"
    },
    "node_modules/lodash": {
      "version": "4.17.21",
      "resolved": "https://registry.npmjs.org/lodash/-/lodash-4.17.21.tgz",
      "integrity": "sha512-v2kDEe57lecTulaDIuNTPy3Ry4gLGJ6Z1O3vE1krgXZNrsQ+LFTGHVxVjcXPs17LhbZVGedAJv8XZ1tvj5FvSg==",
      "license": "MIT"
    },
    "node_modules/lodash-es": {
      "version": "4.17.21",
      "resolved": "https://registry.npmjs.org/lodash-es/-/lodash-es-4.17.21.tgz",
      "integrity": "sha512-mKnC+QJ9pWVzv+C4/U3rRsHapFfHvQFoFB92e52xeyGMcX6/OlIl78je1u8vePzYZSkkogMPJ2yjxxsb89cxyw==",
      "license": "MIT"
    },
    "node_modules/lodash.clonedeep": {
      "version": "4.5.0",
      "resolved": "https://registry.npmjs.org/lodash.clonedeep/-/lodash.clonedeep-4.5.0.tgz",
      "integrity": "sha512-H5ZhCF25riFd9uB5UCkVKo61m3S/xZk1x4wA6yp/L3RFP6Z/eHH1ymQcGLo7J3GMPfm0V/7m1tryHuGVxpqEBQ==",
      "license": "MIT"
    },
    "node_modules/lodash.isequal": {
      "version": "4.5.0",
      "resolved": "https://registry.npmjs.org/lodash.isequal/-/lodash.isequal-4.5.0.tgz",
      "integrity": "sha512-pDo3lu8Jhfjqls6GkMgpahsF9kCyayhgykjyLMNFTKWrpVdAQtYyB4muAMWozBB4ig/dtWAmsMxLEI8wuz+DYQ==",
      "deprecated": "This package is deprecated. Use require('node:util').isDeepStrictEqual instead.",
      "license": "MIT"
    },
    "node_modules/lucide": {
      "version": "0.414.0",
      "resolved": "https://registry.npmjs.org/lucide/-/lucide-0.414.0.tgz",
      "integrity": "sha512-MbICQp9Q70RnxCUYITcJ4owWjWLZAtNJZpCqyBK1WhwO2PDX8zxwAy97IiIAjl+6kFjKxXlOhepGl5AMN7UXYQ==",
      "license": "ISC"
    },
    "node_modules/moment": {
      "version": "2.24.0",
      "resolved": "https://registry.npmjs.org/moment/-/moment-2.24.0.tgz",
      "integrity": "sha512-bV7f+6l2QigeBBZSM/6yTNq4P2fNpSWj/0e7jQcy87A8e7o2nAfP/34/2ky5Vw4B9S446EtIhodAzkFCcR4dQg==",
      "license": "MIT",
      "engines": {
        "node": "*"
      }
    },
    "node_modules/nanopop": {
      "version": "2.4.2",
      "resolved": "https://registry.npmjs.org/nanopop/-/nanopop-2.4.2.tgz",
      "integrity": "sha512-NzOgmMQ+elxxHeIha+OG/Pv3Oc3p4RU2aBhwWwAqDpXrdTbtRylbRLQztLy8dMMwfl6pclznBdfUhccEn9ZIzw==",
      "license": "MIT"
    },
    "node_modules/nouislider": {
      "version": "15.8.1",
      "resolved": "https://registry.npmjs.org/nouislider/-/nouislider-15.8.1.tgz",
      "integrity": "sha512-93TweAi8kqntHJSPiSWQ1o/uZ29VWOmal9YKb6KKGGlCkugaNfAupT7o1qTHqdJvNQ7S0su5rO6qRFCjP8fxtw==",
      "license": "MIT"
    },
    "node_modules/parchment": {
      "version": "3.0.0",
      "resolved": "https://registry.npmjs.org/parchment/-/parchment-3.0.0.tgz",
      "integrity": "sha512-HUrJFQ/StvgmXRcQ1ftY6VEZUq3jA2t9ncFN4F84J/vN0/FPpQF+8FKXb3l6fLces6q0uOHj6NJn+2xvZnxO6A==",
      "license": "BSD-3-Clause"
    },
    "node_modules/preact": {
      "version": "10.12.1",
      "resolved": "https://registry.npmjs.org/preact/-/preact-10.12.1.tgz",
      "integrity": "sha512-l8386ixSsBdbreOAkqtrwqHwdvR35ID8c3rKPa8lCWuO86dBi32QWHV4vfsZK1utLLFMvw+Z5Ad4XLkZzchscg==",
      "license": "MIT",
      "funding": {
        "type": "opencollective",
        "url": "https://opencollective.com/preact"
      }
    },
    "node_modules/quill": {
      "version": "2.0.3",
      "resolved": "https://registry.npmjs.org/quill/-/quill-2.0.3.tgz",
      "integrity": "sha512-xEYQBqfYx/sfb33VJiKnSJp8ehloavImQ2A6564GAbqG55PGw1dAWUn1MUbQB62t0azawUS2CZZhWCjO8gRvTw==",
      "license": "BSD-3-Clause",
      "dependencies": {
        "eventemitter3": "^5.0.1",
        "lodash-es": "^4.17.21",
        "parchment": "^3.0.0",
        "quill-delta": "^5.1.0"
      },
      "engines": {
        "npm": ">=8.2.3"
      }
    },
    "node_modules/quill-delta": {
      "version": "5.1.0",
      "resolved": "https://registry.npmjs.org/quill-delta/-/quill-delta-5.1.0.tgz",
      "integrity": "sha512-X74oCeRI4/p0ucjb5Ma8adTXd9Scumz367kkMK5V/IatcX6A0vlgLgKbzXWy5nZmCGeNJm2oQX0d2Eqj+ZIlCA==",
      "license": "MIT",
      "dependencies": {
        "fast-diff": "^1.3.0",
        "lodash.clonedeep": "^4.5.0",
        "lodash.isequal": "^4.5.0"
      },
      "engines": {
        "node": ">= 12.0.0"
      }
    },
    "node_modules/rater-js": {
      "version": "1.0.1",
      "resolved": "https://registry.npmjs.org/rater-js/-/rater-js-1.0.1.tgz",
      "integrity": "sha512-93MxfiXKfX2LvIIcArtSY4M5C/l5Dg9EioNeQVk1cxnxCuU14A5qXOY0O7DuWlkjBJ930pLUNsOJBcIMUv0oAg==",
      "license": "MIT"
    },
    "node_modules/redux": {
      "version": "4.2.1",
      "resolved": "https://registry.npmjs.org/redux/-/redux-4.2.1.tgz",
      "integrity": "sha512-LAUYz4lc+Do8/g7aeRa8JkyDErK6ekstQaqWQrNRW//MY1TvCEpMtpTWvlQ+FPbWCx+Xixu/6SHt5N0HR+SB4w==",
      "license": "MIT",
      "dependencies": {
        "@babel/runtime": "^7.9.2"
      }
    },
    "node_modules/regenerator-runtime": {
      "version": "0.14.1",
      "resolved": "https://registry.npmjs.org/regenerator-runtime/-/regenerator-runtime-0.14.1.tgz",
      "integrity": "sha512-dYnhHh0nJoMfnkZs6GmmhFknAGRrLznOu5nc9ML+EJxGvrx6H7teuevqVqCuPcPK//3eDrrjQhehXVx9cnkGdw==",
      "license": "MIT"
    },
    "node_modules/select2": {
      "version": "4.0.13",
      "resolved": "https://registry.npmjs.org/select2/-/select2-4.0.13.tgz",
      "integrity": "sha512-1JeB87s6oN/TDxQQYCvS5EFoQyvV6eYMZZ0AeA4tdFDYWN3BAGZ8npr17UBFddU0lgAt3H0yjX3X6/ekOj1yjw==",
      "license": "MIT"
    },
    "node_modules/simplebar": {
      "version": "6.3.0",
      "resolved": "https://registry.npmjs.org/simplebar/-/simplebar-6.3.0.tgz",
      "integrity": "sha512-SQJfKSvUPJxlOhYCpswEn5ke5WQGsgDZNmpScWL+MKXgYpCDTq1bGiv6uWXwSHMYTkMco32fDUL35sVwCMmzCw==",
      "license": "MIT",
      "dependencies": {
        "simplebar-core": "^1.3.0"
      }
    },
    "node_modules/simplebar-core": {
      "version": "1.3.0",
      "resolved": "https://registry.npmjs.org/simplebar-core/-/simplebar-core-1.3.0.tgz",
      "integrity": "sha512-LpWl3w0caz0bl322E68qsrRPpIn+rWBGAaEJ0lUJA7Xpr2sw92AkIhg6VWj988IefLXYh50ILatfAnbNoCFrlA==",
      "license": "MIT",
      "dependencies": {
        "lodash": "^4.17.21"
      }
    },
    "node_modules/svg.draggable.js": {
      "version": "2.2.2",
      "resolved": "https://registry.npmjs.org/svg.draggable.js/-/svg.draggable.js-2.2.2.tgz",
      "integrity": "sha512-JzNHBc2fLQMzYCZ90KZHN2ohXL0BQJGQimK1kGk6AvSeibuKcIdDX9Kr0dT9+UJ5O8nYA0RB839Lhvk4CY4MZw==",
      "license": "MIT",
      "dependencies": {
        "svg.js": "^2.0.1"
      },
      "engines": {
        "node": ">= 0.8.0"
      }
    },
    "node_modules/svg.easing.js": {
      "version": "2.0.0",
      "resolved": "https://registry.npmjs.org/svg.easing.js/-/svg.easing.js-2.0.0.tgz",
      "integrity": "sha512-//ctPdJMGy22YoYGV+3HEfHbm6/69LJUTAqI2/5qBvaNHZ9uUFVC82B0Pl299HzgH13rKrBgi4+XyXXyVWWthA==",
      "license": "MIT",
      "dependencies": {
        "svg.js": ">=2.3.x"
      },
      "engines": {
        "node": ">= 0.8.0"
      }
    },
    "node_modules/svg.filter.js": {
      "version": "2.0.2",
      "resolved": "https://registry.npmjs.org/svg.filter.js/-/svg.filter.js-2.0.2.tgz",
      "integrity": "sha512-xkGBwU+dKBzqg5PtilaTb0EYPqPfJ9Q6saVldX+5vCRy31P6TlRCP3U9NxH3HEufkKkpNgdTLBJnmhDHeTqAkw==",
      "license": "MIT",
      "dependencies": {
        "svg.js": "^2.2.5"
      },
      "engines": {
        "node": ">= 0.8.0"
      }
    },
    "node_modules/svg.js": {
      "version": "2.7.1",
      "resolved": "https://registry.npmjs.org/svg.js/-/svg.js-2.7.1.tgz",
      "integrity": "sha512-ycbxpizEQktk3FYvn/8BH+6/EuWXg7ZpQREJvgacqn46gIddG24tNNe4Son6omdXCnSOaApnpZw6MPCBA1dODA==",
      "license": "MIT"
    },
    "node_modules/svg.pathmorphing.js": {
      "version": "0.1.3",
      "resolved": "https://registry.npmjs.org/svg.pathmorphing.js/-/svg.pathmorphing.js-0.1.3.tgz",
      "integrity": "sha512-49HWI9X4XQR/JG1qXkSDV8xViuTLIWm/B/7YuQELV5KMOPtXjiwH4XPJvr/ghEDibmLQ9Oc22dpWpG0vUDDNww==",
      "license": "MIT",
      "dependencies": {
        "svg.js": "^2.4.0"
      },
      "engines": {
        "node": ">= 0.8.0"
      }
    },
    "node_modules/svg.resize.js": {
      "version": "1.4.3",
      "resolved": "https://registry.npmjs.org/svg.resize.js/-/svg.resize.js-1.4.3.tgz",
      "integrity": "sha512-9k5sXJuPKp+mVzXNvxz7U0uC9oVMQrrf7cFsETznzUDDm0x8+77dtZkWdMfRlmbkEEYvUn9btKuZ3n41oNA+uw==",
      "license": "MIT",
      "dependencies": {
        "svg.js": "^2.6.5",
        "svg.select.js": "^2.1.2"
      },
      "engines": {
        "node": ">= 0.8.0"
      }
    },
    "node_modules/svg.resize.js/node_modules/svg.select.js": {
      "version": "2.1.2",
      "resolved": "https://registry.npmjs.org/svg.select.js/-/svg.select.js-2.1.2.tgz",
      "integrity": "sha512-tH6ABEyJsAOVAhwcCjF8mw4crjXSI1aa7j2VQR8ZuJ37H2MBUbyeqYr5nEO7sSN3cy9AR9DUwNg0t/962HlDbQ==",
      "license": "MIT",
      "dependencies": {
        "svg.js": "^2.2.5"
      },
      "engines": {
        "node": ">= 0.8.0"
      }
    },
    "node_modules/svg.select.js": {
      "version": "3.0.1",
      "resolved": "https://registry.npmjs.org/svg.select.js/-/svg.select.js-3.0.1.tgz",
      "integrity": "sha512-h5IS/hKkuVCbKSieR9uQCj9w+zLHoPh+ce19bBYyqF53g6mnPB8sAtIbe1s9dh2S2fCmYX2xel1Ln3PJBbK4kw==",
      "license": "MIT",
      "dependencies": {
        "svg.js": "^2.6.5"
      },
      "engines": {
        "node": ">= 0.8.0"
      }
    },
    "node_modules/sweetalert2": {
      "version": "11.17.2",
      "resolved": "https://registry.npmjs.org/sweetalert2/-/sweetalert2-11.17.2.tgz",
      "integrity": "sha512-HKxDr1IyV3Lxr3W6sb61qm/p2epFIEdr5EKwteRFHnIg6f8nHFl2kX++DBVz16Mac+fFiU3hMpjq1L6yE2Ge5w==",
      "license": "MIT",
      "funding": {
        "type": "individual",
        "url": "https://github.com/sponsors/limonte"
      }
    },
    "node_modules/swiper": {
      "version": "11.2.5",
      "resolved": "https://registry.npmjs.org/swiper/-/swiper-11.2.5.tgz",
      "integrity": "sha512-nG0kbIyBfeE2BPFt9nPUX03qUBF75o6+enzjIT/DfCmbh8ORlwhc4eZz1+4H/yseAgb3H+OoEYzmb64i0tYNnQ==",
      "funding": [
        {
          "type": "patreon",
          "url": "https://www.patreon.com/swiperjs"
        },
        {
          "type": "open_collective",
          "url": "http://opencollective.com/swiper"
        }
      ],
      "license": "MIT",
      "engines": {
        "node": ">= 4.7.0"
      }
    },
    "node_modules/ticky": {
      "version": "1.0.1",
      "resolved": "https://registry.npmjs.org/ticky/-/ticky-1.0.1.tgz",
      "integrity": "sha512-RX35iq/D+lrsqhcPWIazM9ELkjOe30MSeoBHQHSsRwd1YuhJO5ui1K1/R0r7N3mFvbLBs33idw+eR6j+w6i/DA==",
      "license": "MIT"
    },
    "node_modules/vanilla-wizard": {
      "version": "0.0.7",
      "resolved": "https://registry.npmjs.org/vanilla-wizard/-/vanilla-wizard-0.0.7.tgz",
      "integrity": "sha512-xetSysfq/SoyncY8GtCAIpXoefmKxWxWxBNrLgfdmuqt8m57Bjc/GrbOru2iDdIGrqlBv0wt2bBFKBL4otHVDA==",
      "deprecated": "Package no longer supported. Contact Support at https://www.npmjs.com/support for more info.",
      "license": "MIT"
    },
    "node_modules/wnumb": {
      "version": "1.2.0",
      "resolved": "https://registry.npmjs.org/wnumb/-/wnumb-1.2.0.tgz",
      "integrity": "sha512-eYut5K/dW7usfk/Mwm6nxBNoTPp/uP7PlXld+hhg7lDtHLdHFnNclywGYM9BRC7Ohd4JhwuHg+vmOUGfd3NhVA==",
      "license": "MIT"
    }
  }
}
